
Microsoft Visual Studio Solution File, Format Version 12.00
# Visual Studio 15
VisualStudioVersion = 15.0.27130.2027
MinimumVisualStudioVersion = 10.0.40219.1
Project("{FAE04EC0-301F-11D3-BF4B-00C04F79EFBC}") = "WebService1", "WebService1\WebService1.csproj", "{061A16FA-1C01-4535-872B-7FF655324AD1}"
EndProject
Project("{FAE04EC0-301F-11D3-BF4B-00C04F79EFBC}") = "HelloServiceClient", "HelloServiceClient\HelloServiceClient.csproj", "{C3D37B35-1AD4-400F-AA27-DC9542F0CF78}"
	ProjectSection(ProjectDependencies) = postProject
		{061A16FA-1C01-4535-872B-7FF655324AD1} = {061A16FA-1C01-4535-872B-7FF655324AD1}
	EndProjectSection
EndProject
Project("{FAE04EC0-301F-11D3-BF4B-00C04F79EFBC}") = "IHelloRemotingService", "IHelloRemotingService\IHelloRemotingService.csproj", "{4C804F69-2CD4-40A8-BBD9-E4B5BEC7D78E}"
EndProject
Project("{FAE04EC0-301F-11D3-BF4B-00C04F79EFBC}") = "HelloRemotingService", "HelloRemotingService\HelloRemotingService.csproj", "{ACA1F8BE-EA5B-4F91-87C4-4A3AC97CB232}"
EndProject
Project("{FAE04EC0-301F-11D3-BF4B-00C04F79EFBC}") = "HelloRemotingServiceHost", "HelloRemotingServiceHost\HelloRemotingServiceHost.csproj", "{D3BA5248-F697-4A3C-AC59-12F765DB1C14}"
EndProject
Project("{FAE04EC0-301F-11D3-BF4B-00C04F79EFBC}") = "HelloRemotingServiceClient", "HelloRemotingServiceClient\HelloRemotingServiceClient.csproj", "{B64BEF1D-7F6B-4206-97FB-64E3B1721D75}"
EndProject
Project("{FAE04EC0-301F-11D3-BF4B-00C04F79EFBC}") = "HelloWcfService", "HelloWcfService\HelloWcfService.csproj", "{43DECE93-AF97-47C5-B115-865F51A2CB3A}"
EndProject
Project("{FAE04EC0-301F-11D3-BF4B-00C04F79EFBC}") = "HelloWcfServiceHost", "HelloWcfServiceHost\HelloWcfServiceHost.csproj", "{1E840F05-DD4D-41E0-9BEE-78A5D0F0B655}"
EndProject
Project("{FAE04EC0-301F-11D3-BF4B-00C04F79EFBC}") = "HelloWcfServiceWebClient", "HelloWcfServiceWebClient\HelloWcfServiceWebClient.csproj", "{AA06E277-C320-4EBD-9752-0B28768EE5F8}"
EndProject
Project("{FAE04EC0-301F-11D3-BF4B-00C04F79EFBC}") = "WcfMultipleServiceContracts", "WcfMultipleServiceContracts\WcfMultipleServiceContracts.csproj", "{31D4158E-5EAF-4172-932A-CABA5B1B16B7}"
EndProject
Global
	GlobalSection(SolutionConfigurationPlatforms) = preSolution
		Debug|Any CPU = Debug|Any CPU
		Release|Any CPU = Release|Any CPU
	EndGlobalSection
	GlobalSection(ProjectConfigurationPlatforms) = postSolution
		{061A16FA-1C01-4535-872B-7FF655324AD1}.Debug|Any CPU.ActiveCfg = Debug|Any CPU
		{061A16FA-1C01-4535-872B-7FF655324AD1}.Debug|Any CPU.Build.0 = Debug|Any CPU
		{061A16FA-1C01-4535-872B-7FF655324AD1}.Release|Any CPU.ActiveCfg = Release|Any CPU
		{061A16FA-1C01-4535-872B-7FF655324AD1}.Release|Any CPU.Build.0 = Release|Any CPU
		{C3D37B35-1AD4-400F-AA27-DC9542F0CF78}.Debug|Any CPU.ActiveCfg = Debug|Any CPU
		{C3D37B35-1AD4-400F-AA27-DC9542F0CF78}.Debug|Any CPU.Build.0 = Debug|Any CPU
		{C3D37B35-1AD4-400F-AA27-DC9542F0CF78}.Release|Any CPU.ActiveCfg = Release|Any CPU
		{C3D37B35-1AD4-400F-AA27-DC9542F0CF78}.Release|Any CPU.Build.0 = Release|Any CPU
		{4C804F69-2CD4-40A8-BBD9-E4B5BEC7D78E}.Debug|Any CPU.ActiveCfg = Debug|Any CPU
		{4C804F69-2CD4-40A8-BBD9-E4B5BEC7D78E}.Debug|Any CPU.Build.0 = Debug|Any CPU
		{4C804F69-2CD4-40A8-BBD9-E4B5BEC7D78E}.Release|Any CPU.ActiveCfg = Release|Any CPU
		{4C804F69-2CD4-40A8-BBD9-E4B5BEC7D78E}.Release|Any CPU.Build.0 = Release|Any CPU
		{ACA1F8BE-EA5B-4F91-87C4-4A3AC97CB232}.Debug|Any CPU.ActiveCfg = Debug|Any CPU
		{ACA1F8BE-EA5B-4F91-87C4-4A3AC97CB232}.Debug|Any CPU.Build.0 = Debug|Any CPU
		{ACA1F8BE-EA5B-4F91-87C4-4A3AC97CB232}.Release|Any CPU.ActiveCfg = Release|Any CPU
		{ACA1F8BE-EA5B-4F91-87C4-4A3AC97CB232}.Release|Any CPU.Build.0 = Release|Any CPU
		{D3BA5248-F697-4A3C-AC59-12F765DB1C14}.Debug|Any CPU.ActiveCfg = Debug|Any CPU
		{D3BA5248-F697-4A3C-AC59-12F765DB1C14}.Debug|Any CPU.Build.0 = Debug|Any CPU
		{D3BA5248-F697-4A3C-AC59-12F765DB1C14}.Release|Any CPU.ActiveCfg = Release|Any CPU
		{D3BA5248-F697-4A3C-AC59-12F765DB1C14}.Release|Any CPU.Build.0 = Release|Any CPU
		{B64BEF1D-7F6B-4206-97FB-64E3B1721D75}.Debug|Any CPU.ActiveCfg = Debug|Any CPU
		{B64BEF1D-7F6B-4206-97FB-64E3B1721D75}.Debug|Any CPU.Build.0 = Debug|Any CPU
		{B64BEF1D-7F6B-4206-97FB-64E3B1721D75}.Release|Any CPU.ActiveCfg = Release|Any CPU
		{B64BEF1D-7F6B-4206-97FB-64E3B1721D75}.Release|Any CPU.Build.0 = Release|Any CPU
		{43DECE93-AF97-47C5-B115-865F51A2CB3A}.Debug|Any CPU.ActiveCfg = Debug|Any CPU
		{43DECE93-AF97-47C5-B115-865F51A2CB3A}.Debug|Any CPU.Build.0 = Debug|Any CPU
		{43DECE93-AF97-47C5-B115-865F51A2CB3A}.Release|Any CPU.ActiveCfg = Release|Any CPU
		{43DECE93-AF97-47C5-B115-865F51A2CB3A}.Release|Any CPU.Build.0 = Release|Any CPU
		{1E840F05-DD4D-41E0-9BEE-78A5D0F0B655}.Debug|Any CPU.ActiveCfg = Debug|Any CPU
		{1E840F05-DD4D-41E0-9BEE-78A5D0F0B655}.Debug|Any CPU.Build.0 = Debug|Any CPU
		{1E840F05-DD4D-41E0-9BEE-78A5D0F0B655}.Release|Any CPU.ActiveCfg = Release|Any CPU
		{1E840F05-DD4D-41E0-9BEE-78A5D0F0B655}.Release|Any CPU.Build.0 = Release|Any CPU
		{AA06E277-C320-4EBD-9752-0B28768EE5F8}.Debug|Any CPU.ActiveCfg = Debug|Any CPU
		{AA06E277-C320-4EBD-9752-0B28768EE5F8}.Debug|Any CPU.Build.0 = Debug|Any CPU
		{AA06E277-C320-4EBD-9752-0B28768EE5F8}.Release|Any CPU.ActiveCfg = Release|Any CPU
		{AA06E277-C320-4EBD-9752-0B28768EE5F8}.Release|Any CPU.Build.0 = Release|Any CPU
		{31D4158E-5EAF-4172-932A-CABA5B1B16B7}.Debug|Any CPU.ActiveCfg = Debug|Any CPU
		{31D4158E-5EAF-4172-932A-CABA5B1B16B7}.Debug|Any CPU.Build.0 = Debug|Any CPU
		{31D4158E-5EAF-4172-932A-CABA5B1B16B7}.Release|Any CPU.ActiveCfg = Release|Any CPU
		{31D4158E-5EAF-4172-932A-CABA5B1B16B7}.Release|Any CPU.Build.0 = Release|Any CPU
	EndGlobalSection
	GlobalSection(SolutionProperties) = preSolution
		HideSolutionNode = FALSE
	EndGlobalSection
	GlobalSection(ExtensibilityGlobals) = postSolution
		SolutionGuid = {B74736E4-5C66-4B9C-9FA5-34072382B65E}
	EndGlobalSection
EndGlobal
